// !$*UTF8*$!
{
	archiveVersion = 1;
	classes = {
	};
	objectVersion = 46;
	objects = {

/* Begin PBXBuildFile section */
		1832D0BE1CDC4E3D00F8361A /* marvel.jpeg in Resources */ = {isa = PBXBuildFile; fileRef = 1832D0BB1CDC4E3D00F8361A /* marvel.jpeg */; };
		1832D0BF1CDC4E3D00F8361A /* math.jpg in Resources */ = {isa = PBXBuildFile; fileRef = 1832D0BC1CDC4E3D00F8361A /* math.jpg */; };
		1832D0C01CDC4E3D00F8361A /* science.jpg in Resources */ = {isa = PBXBuildFile; fileRef = 1832D0BD1CDC4E3D00F8361A /* science.jpg */; };
		18A4712C1CDBC4EB005CE78D /* AppDelegate.swift in Sources */ = {isa = PBXBuildFile; fileRef = 18A4712B1CDBC4EB005CE78D /* AppDelegate.swift */; };
		18A4712E1CDBC4EB005CE78D /* ViewController.swift in Sources */ = {isa = PBXBuildFile; fileRef = 18A4712D1CDBC4EB005CE78D /* ViewController.swift */; };
		18A471311CDBC4EB005CE78D /* Main.storyboard in Resources */ = {isa = PBXBuildFile; fileRef = 18A4712F1CDBC4EB005CE78D /* Main.storyboard */; };
		18A471331CDBC4EB005CE78D /* Assets.xcassets in Resources */ = {isa = PBXBuildFile; fileRef = 18A471321CDBC4EB005CE78D /* Assets.xcassets */; };
		18A471361CDBC4EB005CE78D /* LaunchScreen.storyboard in Resources */ = {isa = PBXBuildFile; fileRef = 18A471341CDBC4EB005CE78D /* LaunchScreen.storyboard */; };
/* End PBXBuildFile section */

/* Begin PBXFileReference section */
		1832D0BB1CDC4E3D00F8361A /* marvel.jpeg */ = {isa = PBXFileReference; lastKnownFileType = image.jpeg; path = marvel.jpeg; sourceTree = "<group>"; };
		1832D0BC1CDC4E3D00F8361A /* math.jpg */ = {isa = PBXFileReference; lastKnownFileType = image.jpeg; path = math.jpg; sourceTree = "<group>"; };
		1832D0BD1CDC4E3D00F8361A /* science.jpg */ = {isa = PBXFileReference; lastKnownFileType = image.jpeg; path = science.jpg; sourceTree = "<group>"; };
		18A471281CDBC4EB005CE78D /* iQuiz.app */ = {isa = PBXFileReference; explicitFileType = wrapper.application; includeInIndex = 0; path = iQuiz.app; sourceTree = BUILT_PRODUCTS_DIR; };
		18A4712B1CDBC4EB005CE78D /* AppDelegate.swift */ = {isa = PBXFileReference; lastKnownFileType = sourcecode.swift; path = AppDelegate.swift; sourceTree = "<group>"; };
		18A4712D1CDBC4EB005CE78D /* ViewController.swift */ = {isa = PBXFileReference; lastKnownFileType = sourcecode.swift; path = ViewController.swift; sourceTree = "<group>"; };
		18A471301CDBC4EB005CE78D /* Base */ = {isa = PBXFileReference; lastKnownFileType = file.storyboard; name = Base; path = Base.lproj/Main.storyboard; sourceTree = "<group>"; };
		18A471321CDBC4EB005CE78D /* Assets.xcassets */ = {isa = PBXFileReference; lastKnownFileType = folder.assetcatalog; path = Assets.xcassets; sourceTree = "<group>"; };
		18A471351CDBC4EB005CE78D /* Base */ = {isa = PBXFileReference; lastKnownFileType = file.storyboard; name = Base; path = Base.lproj/LaunchScreen.storyboard; sourceTree = "<group>"; };
		18A471371CDBC4EB005CE78D /* Info.plist */ = {isa = PBXFileReference; lastKnownFileType = text.plist.xml; path = Info.plist; sourceTree = "<group>"; };
/* End PBXFileReference section */

/* Begin PBXFrameworksBuildPhase section */
		18A471251CDBC4EB005CE78D /* Frameworks */ = {
			isa = PBXFrameworksBuildPhase;
			buildActionMask = 2147483647;
			files = (
			);
			runOnlyForDeploymentPostprocessing = 0;
		};
/* End PBXFrameworksBuildPhase section */

/* Begin PBXGroup section */
		18A4711F1CDBC4EB005CE78D = {
			isa = PBXGroup;
			children = (
				18A4712A1CDBC4EB005CE78D /* iQuiz */,
				18A471291CDBC4EB005CE78D /* Products */,
			);
			sourceTree = "<group>";
		};
		18A471291CDBC4EB005CE78D /* Products */ = {
			isa = PBXGroup;
			children = (
				18A471281CDBC4EB005CE78D /* iQuiz.app */,
			);
			name = Products;
			sourceTree = "<group>";
		};
		18A4712A1CDBC4EB005CE78D /* iQuiz */ = {
			isa = PBXGroup;
			children = (
				18A4712B1CDBC4EB005CE78D /* AppDelegate.swift */,
				18A4712D1CDBC4EB005CE78D /* ViewController.swift */,
				1832D0BB1CDC4E3D00F8361A /* marvel.jpeg */,
				1832D0BC1CDC4E3D00F8361A /* math.jpg */,
				1832D0BD1CDC4E3D00F8361A /* science.jpg */,
				18A4712F1CDBC4EB005CE78D /* Main.storyboard */,
				18A471321CDBC4EB005CE78D /* Assets.xcassets */,
				18A471341CDBC4EB005CE78D /* LaunchScreen.storyboard */,
				18A471371CDBC4EB005CE78D /* Info.plist */,
			);
			path = iQuiz;
			sourceTree = "<group>";
		};
/* End PBXGroup section */

/* Begin PBXNativeTarget section */
		18A471271CDBC4EB005CE78D /* iQuiz */ = {
			isa = PBXNativeTarget;
			buildConfigurationList = 18A4713A1CDBC4EB005CE78D /* Build configuration list for PBXNativeTarget "iQuiz" */;
			buildPhases = (
				18A471241CDBC4EB005CE78D /* Sources */,
				18A471251CDBC4EB005CE78D /* Frameworks */,
				18A471261CDBC4EB005CE78D /* Resources */,
			);
			buildRules = (
			);
			dependencies = (
			);
			name = iQuiz;
			productName = iQuiz;
			productReference = 18A471281CDBC4EB005CE78D /* iQuiz.app */;
			productType = "com.apple.product-type.application";
		};
/* End PBXNativeTarget section */

/* Begin PBXProject section */
		18A471201CDBC4EB005CE78D /* Project object */ = {
			isa = PBXProject;
			attributes = {
				LastSwiftUpdateCheck = 0730;
				LastUpgradeCheck = 0730;
				ORGANIZATIONNAME = apple;
				TargetAttributes = {
					18A471271CDBC4EB005CE78D = {
						CreatedOnToolsVersion = 7.3;
						DevelopmentTeam = ZWVU43624G;
					};
				};
			};
			buildConfigurationList = 18A471231CDBC4EB005CE78D /* Build configuration list for PBXProject "iQuiz" */;
			compatibilityVersion = "Xcode 3.2";
			developmentRegion = English;
			hasScannedForEncodings = 0;
			knownRegions = (
				en,
				Base,
			);
			mainGroup = 18A4711F1CDBC4EB005CE78D;
			productRefGroup = 18A471291CDBC4EB005CE78D /* Products */;
			projectDirPath = "";
			projectRoot = "";
			targets = (
				18A471271CDBC4EB005CE78D /* iQuiz */,
			);
		};
/* End PBXProject section */

/* Begin PBXResourcesBuildPhase section */
		18A471261CDBC4EB005CE78D /* Resources */ = {
			isa = PBXResourcesBuildPhase;
			buildActionMask = 2147483647;
			files = (
				18A471361CDBC4EB005CE78D /* LaunchScreen.storyboard in Resources */,
				1832D0BF1CDC4E3D00F8361A /* math.jpg in Resources */,
				18A471331CDBC4EB005CE78D /* Assets.xcassets in Resources */,
				1832D0BE1CDC4E3D00F8361A /* marvel.jpeg in Resources */,
				1832D0C01CDC4E3D00F8361A /* science.jpg in Resources */,
				18A471311CDBC4EB005CE78D /* Main.storyboard in Resources */,
			);
			runOnlyForDeploymentPostprocessing = 0;
		};
/* End PBXResourcesBuildPhase section */

/* Begin PBXSourcesBuildPhase section */
		18A471241CDBC4EB005CE78D /* Sources */ = {
			isa = PBXSourcesBuildPhase;
			buildActionMask = 2147483647;
			files = (
				18A4712E1CDBC4EB005CE78D /* ViewController.swift in Sources */,
				18A4712C1CDBC4EB005CE78D /* AppDelegate.swift in Sources */,
			);
			runOnlyForDeploymentPostprocessing = 0;
		};
/* End PBXSourcesBuildPhase section */

/* Begin PBXVariantGroup section */
		18A4712F1CDBC4EB005CE78D /* Main.storyboard */ = {
			isa = PBXVariantGroup;
			children = (
				18A471301CDBC4EB005CE78D /* Base */,
			);
			name = Main.storyboard;
			sourceTree = "<group>";
		};
		18A471341CDBC4EB005CE78D /* LaunchScreen.storyboard */ = {
			isa = PBXVariantGroup;
			children = (
				18A471351CDBC4EB005CE78D /* Base */,
			);
			name = LaunchScreen.storyboard;
			sourceTree = "<group>";
		};
/* End PBXVariantGroup section */

/* Begin XCBuildConfiguration section */
		18A471381CDBC4EB005CE78D /* Debug */ = {
			isa = XCBuildConfiguration;
			buildSettings = {
				ALWAYS_SEARCH_USER_PATHS = NO;
				CLANG_ANALYZER_NONNULL = YES;
				CLANG_CXX_LANGUAGE_STANDARD = "gnu++0x";
				CLANG_CXX_LIBRARY = "libc++";
				CLANG_ENABLE_MODULES = YES;
				CLANG_ENABLE_OBJC_ARC = YES;
				CLANG_WARN_BOOL_CONVERSION = YES;
				CLANG_WARN_CONSTANT_CONVERSION = YES;
				CLANG_WARN_DIRECT_OBJC_ISA_USAGE = YES_ERROR;
				CLANG_WARN_EMPTY_BODY = YES;
				CLANG_WARN_ENUM_CONVERSION = YES;
				CLANG_WARN_INT_CONVERSION = YES;
				CLANG_WARN_OBJC_ROOT_CLASS = YES_ERROR;
				CLANG_WARN_UNREACHABLE_CODE = YES;
				CLANG_WARN__DUPLICATE_METHOD_MATCH = YES;
				"CODE_SIGN_IDENTITY[sdk=iphoneos*]" = "iPhone Developer";
				COPY_PHASE_STRIP = NO;
				DEBUG_INFORMATION_FORMAT = dwarf;
				ENABLE_STRICT_OBJC_MSGSEND = YES;
				ENABLE_TESTABILITY = YES;
				GCC_C_LANGUAGE_STANDARD = gnu99;
				GCC_DYNAMIC_NO_PIC = NO;
				GCC_NO_COMMON_BLOCKS = YES;
				GCC_OPTIMIZATION_LEVEL = 0;
				GCC_PREPROCESSOR_DEFINITIONS = (
					"DEBUG=1",
					"$(inherited)",
				);
				GCC_WARN_64_TO_32_BIT_CONVERSION = YES;
				GCC_WARN_ABOUT_RETURN_TYPE = YES_ERROR;
				GCC_WARN_UNDECLARED_SELECTOR = YES;
				GCC_WARN_UNINITIALIZED_AUTOS = YES_AGGRESSIVE;
				GCC_WARN_UNUSED_FUNCTION = YES;
				GCC_WARN_UNUSED_VARIABLE = YES;
				IPHONEOS_DEPLOYMENT_TARGET = 9.3;
				MTL_ENABLE_DEBUG_INFO = YES;
				ONLY_ACTIVE_ARCH = YES;
				SDKROOT = iphoneos;
				SWIFT_OPTIMIZATION_LEVEL = "-Onone";
			};
			name = Debug;
		};
		18A471391CDBC4EB005CE78D /* Release */ = {
			isa = XCBuildConfiguration;
			buildSettings = {
				ALWAYS_SEARCH_USER_PATHS = NO;
				CLANG_ANALYZER_NONNULL = YES;
				CLANG_CXX_LANGUAGE_STANDARD = "gnu++0x";
				CLANG_CXX_LIBRARY = "libc++";
				CLANG_ENABLE_MODULES = YES;
				CLANG_ENABLE_OBJC_ARC = YES;
				CLANG_WARN_BOOL_CONVERSION = YES;
				CLANG_WARN_CONSTANT_CONVERSION = YES;
				CLANG_WARN_DIRECT_OBJC_ISA_USAGE = YES_ERROR;
				CLANG_WARN_EMPTY_BODY = YES;
				CLANG_WARN_ENUM_CONVERSION = YES;
				CLANG_WARN_INT_CONVERSION = YES;
				CLANG_WARN_OBJC_ROOT_CLASS = YES_ERROR;
				CLANG_WARN_UNREACHABLE_CODE = YES;
				CLANG_WARN__DUPLICATE_METHOD_MATCH = YES;
				"CODE_SIGN_IDENTITY[sdk=iphoneos*]" = "iPhone Developer";
				COPY_PHASE_STRIP = NO;
				DEBUG_INFORMATION_FORMAT = "dwarf-with-dsym";
				ENABLE_NS_ASSERTIONS = NO;
				ENABLE_STRICT_OBJC_MSGSEND = YES;
				GCC_C_LANGUAGE_STANDARD = gnu99;
				GCC_NO_COMMON_BLOCKS = YES;
				GCC_WARN_64_TO_32_BIT_CONVERSION = YES;
				GCC_WARN_ABOUT_RETURN_TYPE = YES_ERROR;
				GCC_WARN_UNDECLARED_SELECTOR = YES;
				GCC_WARN_UNINITIALIZED_AUTOS = YES_AGGRESSIVE;
				GCC_WARN_UNUSED_FUNCTION = YES;
				GCC_WARN_UNUSED_VARIABLE = YES;
				IPHONEOS_DEPLOYMENT_TARGET = 9.3;
				MTL_ENABLE_DEBUG_INFO = NO;
				SDKROOT = iphoneos;
				VALIDATE_PRODUCT = YES;
			};
			name = Release;
		};
		18A4713B1CDBC4EB005CE78D /* Debug */ = {
			isa = XCBuildConfiguration;
			buildSettings = {
				ASSETCATALOG_COMPILER_APPICON_NAME = AppIcon;
				INFOPLIST_FILE = iQuiz/Info.plist;
				IPHONEOS_DEPLOYMENT_TARGET = 9.0;
				LD_RUNPATH_SEARCH_PATHS = "$(inherited) @executable_path/Frameworks";
				PRODUCT_BUNDLE_IDENTIFIER = com.uw.iQuiz;
				PRODUCT_NAME = "$(TARGET_NAME)";
			};
			name = Debug;
		};
		18A4713C1CDBC4EB005CE78D /* Release */ = {
			isa = XCBuildConfiguration;
			buildSettings = {
				ASSETCATALOG_COMPILER_APPICON_NAME = AppIcon;
				INFOPLIST_FILE = iQuiz/Info.plist;
				IPHONEOS_DEPLOYMENT_TARGET = 9.0;
				LD_RUNPATH_SEARCH_PATHS = "$(inherited) @executable_path/Frameworks";
				PRODUCT_BUNDLE_IDENTIFIER = com.uw.iQuiz;
				PRODUCT_NAME = "$(TARGET_NAME)";
			};
			name = Release;
		};
/* End XCBuildConfiguration section */

/* Begin XCConfigurationList section */
		18A471231CDBC4EB005CE78D /* Build configuration list for PBXProject "iQuiz" */ = {
			isa = XCConfigurationList;
			buildConfigurations = (
				18A471381CDBC4EB005CE78D /* Debug */,
				18A471391CDBC4EB005CE78D /* Release */,
			);
			defaultConfigurationIsVisible = 0;
			defaultConfigurationName = Release;
		};
		18A4713A1CDBC4EB005CE78D /* Build configuration list for PBXNativeTarget "iQuiz" */ = {
			isa = XCConfigurationList;
			buildConfigurations = (
				18A4713B1CDBC4EB005CE78D /* Debug */,
				18A4713C1CDBC4EB005CE78D /* Release */,
			);
			defaultConfigurationIsVisible = 0;
			defaultConfigurationName = Release;
		};
/* End XCConfigurationList section */
	};
	rootObject = 18A471201CDBC4EB005CE78D /* Project object */;
}
